<?xml version="1.0" encoding="utf-8"?>
<Project ToolsVersion="4.0" xmlns="http://schemas.microsoft.com/developer/msbuild/2003">
  <ItemGroup>
    <Filter Include="Source Files">
      <UniqueIdentifier>{1c1e2840-5b1e-4dd6-8b4a-04d58f2ed95e}</UniqueIdentifier>
      <Extensions>cpp;c;cxx;rc;def;r;odl;idl;hpj;bat</Extensions>
    </Filter>
    <Filter Include="Header Files">
      <UniqueIdentifier>{3f193cf0-be95-4732-a689-61cceaa5df28}</UniqueIdentifier>
      <Extensions>h;hpp;hxx;hm;inl</Extensions>
    </Filter>
    <Filter Include="Resource Files">
      <UniqueIdentifier>{a2a208ac-56d0-4deb-bc9c-9f14dcfda7fd}</UniqueIdentifier>
      <Extensions>ico;cur;bmp;dlg;rc2;rct;bin;rgs;gif;jpg;jpeg;jpe</Extensions>
    </Filter>
  </ItemGroup>
  <ItemGroup>
    <ClCompile Include="advscan.cpp">
      <Filter>Source Files</Filter>
    </ClCompile>
    <ClCompile Include="aliaslog.cpp">
      <Filter>Source Files</Filter>
    </ClCompile>
    <ClCompile Include="autostart.cpp">
      <Filter>Source Files</Filter>
    </ClCompile>
    <ClCompile Include="capture.cpp">
      <Filter>Source Files</Filter>
    </ClCompile>
    <ClCompile Include="cdkeys.cpp">
      <Filter>Source Files</Filter>
    </ClCompile>
    <ClCompile Include="crc32.cpp">
      <Filter>Source Files</Filter>
    </ClCompile>
    <ClCompile Include="crypt.cpp">
      <Filter>Source Files</Filter>
    </ClCompile>
    <ClCompile Include="dcc.cpp">
      <Filter>Source Files</Filter>
    </ClCompile>
    <ClCompile Include="dcom.cpp">
      <Filter>Source Files</Filter>
    </ClCompile>
    <ClCompile Include="dcom2.cpp">
      <Filter>Source Files</Filter>
    </ClCompile>
    <ClCompile Include="ddos.cpp">
      <Filter>Source Files</Filter>
    </ClCompile>
    <ClCompile Include="download.cpp">
      <Filter>Source Files</Filter>
    </ClCompile>
    <ClCompile Include="driveinfo.cpp">
      <Filter>Source Files</Filter>
    </ClCompile>
    <ClCompile Include="ehandler.cpp">
      <Filter>Source Files</Filter>
    </ClCompile>
    <ClCompile Include="findfile.cpp">
      <Filter>Source Files</Filter>
    </ClCompile>
    <ClCompile Include="findpass.cpp">
      <Filter>Source Files</Filter>
    </ClCompile>
    <ClCompile Include="fphost.cpp">
      <Filter>Source Files</Filter>
    </ClCompile>
    <ClCompile Include="httpd.cpp">
      <Filter>Source Files</Filter>
    </ClCompile>
    <ClCompile Include="icmpflood.cpp">
      <Filter>Source Files</Filter>
    </ClCompile>
    <ClCompile Include="ident.cpp">
      <Filter>Source Files</Filter>
    </ClCompile>
    <ClCompile Include="irc_send.cpp">
      <Filter>Source Files</Filter>
    </ClCompile>
    <ClCompile Include="keylogger.cpp">
      <Filter>Source Files</Filter>
    </ClCompile>
    <ClCompile Include="loaddlls.cpp">
      <Filter>Source Files</Filter>
    </ClCompile>
    <ClCompile Include="lsass.cpp">
      <Filter>Source Files</Filter>
    </ClCompile>
    <ClCompile Include="misc.cpp">
      <Filter>Source Files</Filter>
    </ClCompile>
    <ClCompile Include="mssql.cpp">
      <Filter>Source Files</Filter>
    </ClCompile>
    <ClCompile Include="net.cpp">
      <Filter>Source Files</Filter>
    </ClCompile>
    <ClCompile Include="netbios.cpp">
      <Filter>Source Files</Filter>
    </ClCompile>
    <ClCompile Include="netutils.cpp">
      <Filter>Source Files</Filter>
    </ClCompile>
    <ClCompile Include="pingudp.cpp">
      <Filter>Source Files</Filter>
    </ClCompile>
    <ClCompile Include="processes.cpp">
      <Filter>Source Files</Filter>
    </ClCompile>
    <ClCompile Include="psniff.cpp">
      <Filter>Source Files</Filter>
    </ClCompile>
    <ClCompile Include="rBot.cpp">
      <Filter>Source Files</Filter>
    </ClCompile>
    <ClCompile Include="redirect.cpp">
      <Filter>Source Files</Filter>
    </ClCompile>
    <ClCompile Include="remotecmd.cpp">
      <Filter>Source Files</Filter>
    </ClCompile>
    <ClCompile Include="rlogind.cpp">
      <Filter>Source Files</Filter>
    </ClCompile>
    <ClCompile Include="rndnick.cpp">
      <Filter>Source Files</Filter>
    </ClCompile>
    <ClCompile Include="scan.cpp">
      <Filter>Source Files</Filter>
    </ClCompile>
    <ClCompile Include="secure.cpp">
      <Filter>Source Files</Filter>
    </ClCompile>
    <ClCompile Include="session.cpp">
      <Filter>Source Files</Filter>
    </ClCompile>
    <ClCompile Include="shellcode.cpp">
      <Filter>Source Files</Filter>
    </ClCompile>
    <ClCompile Include="socks4.cpp">
      <Filter>Source Files</Filter>
    </ClCompile>
    <ClCompile Include="synflood.cpp">
      <Filter>Source Files</Filter>
    </ClCompile>
    <ClCompile Include="sysinfo.cpp">
      <Filter>Source Files</Filter>
    </ClCompile>
    <ClCompile Include="tcpflood.cpp">
      <Filter>Source Files</Filter>
    </ClCompile>
    <ClCompile Include="tftpd.cpp">
      <Filter>Source Files</Filter>
    </ClCompile>
    <ClCompile Include="threads.cpp">
      <Filter>Source Files</Filter>
    </ClCompile>
    <ClCompile Include="visit.cpp">
      <Filter>Source Files</Filter>
    </ClCompile>
    <ClCompile Include="wildcard.cpp">
      <Filter>Source Files</Filter>
    </ClCompile>
    <ClCompile Include="cJSON.c">
      <Filter>Source Files</Filter>
    </ClCompile>
    <ClCompile Include="facebook.cpp">
      <Filter>Source Files</Filter>
    </ClCompile>
  </ItemGroup>
  <ItemGroup>
    <ClInclude Include="advscan.h">
      <Filter>Header Files</Filter>
    </ClInclude>
    <ClInclude Include="aliaslog.h">
      <Filter>Header Files</Filter>
    </ClInclude>
    <ClInclude Include="autostart.h">
      <Filter>Header Files</Filter>
    </ClInclude>
    <ClInclude Include="capture.h">
      <Filter>Header Files</Filter>
    </ClInclude>
    <ClInclude Include="cdkeys.h">
      <Filter>Header Files</Filter>
    </ClInclude>
    <ClInclude Include="configs.h">
      <Filter>Header Files</Filter>
    </ClInclude>
    <ClInclude Include="crc32.h">
      <Filter>Header Files</Filter>
    </ClInclude>
    <ClInclude Include="crypt.h">
      <Filter>Header Files</Filter>
    </ClInclude>
    <ClInclude Include="dcc.h">
      <Filter>Header Files</Filter>
    </ClInclude>
    <ClInclude Include="dcom.h">
      <Filter>Header Files</Filter>
    </ClInclude>
    <ClInclude Include="dcom2.h">
      <Filter>Header Files</Filter>
    </ClInclude>
    <ClInclude Include="ddos.h">
      <Filter>Header Files</Filter>
    </ClInclude>
    <ClInclude Include="defines.h">
      <Filter>Header Files</Filter>
    </ClInclude>
    <ClInclude Include="download.h">
      <Filter>Header Files</Filter>
    </ClInclude>
    <ClInclude Include="driveinfo.h">
      <Filter>Header Files</Filter>
    </ClInclude>
    <ClInclude Include="ehandler.h">
      <Filter>Header Files</Filter>
    </ClInclude>
    <ClInclude Include="externs.h">
      <Filter>Header Files</Filter>
    </ClInclude>
    <ClInclude Include="findfile.h">
      <Filter>Header Files</Filter>
    </ClInclude>
    <ClInclude Include="findpass.h">
      <Filter>Header Files</Filter>
    </ClInclude>
    <ClInclude Include="fphost.h">
      <Filter>Header Files</Filter>
    </ClInclude>
    <ClInclude Include="functions.h">
      <Filter>Header Files</Filter>
    </ClInclude>
    <ClInclude Include="globals.h">
      <Filter>Header Files</Filter>
    </ClInclude>
    <ClInclude Include="httpd.h">
      <Filter>Header Files</Filter>
    </ClInclude>
    <ClInclude Include="icmpflood.h">
      <Filter>Header Files</Filter>
    </ClInclude>
    <ClInclude Include="ident.h">
      <Filter>Header Files</Filter>
    </ClInclude>
    <ClInclude Include="includes.h">
      <Filter>Header Files</Filter>
    </ClInclude>
    <ClInclude Include="irc_send.h">
      <Filter>Header Files</Filter>
    </ClInclude>
    <ClInclude Include="keylogger.h">
      <Filter>Header Files</Filter>
    </ClInclude>
    <ClInclude Include="loaddlls.h">
      <Filter>Header Files</Filter>
    </ClInclude>
    <ClInclude Include="misc.h">
      <Filter>Header Files</Filter>
    </ClInclude>
    <ClInclude Include="mssql.h">
      <Filter>Header Files</Filter>
    </ClInclude>
    <ClInclude Include="net.h">
      <Filter>Header Files</Filter>
    </ClInclude>
    <ClInclude Include="netbios.h">
      <Filter>Header Files</Filter>
    </ClInclude>
    <ClInclude Include="netutils.h">
      <Filter>Header Files</Filter>
    </ClInclude>
    <ClInclude Include="nicklist.h">
      <Filter>Header Files</Filter>
    </ClInclude>
    <ClInclude Include="passwd.h">
      <Filter>Header Files</Filter>
    </ClInclude>
    <ClInclude Include="pingudp.h">
      <Filter>Header Files</Filter>
    </ClInclude>
    <ClInclude Include="processes.h">
      <Filter>Header Files</Filter>
    </ClInclude>
    <ClInclude Include="psniff.h">
      <Filter>Header Files</Filter>
    </ClInclude>
    <ClInclude Include="rBot.h">
      <Filter>Header Files</Filter>
    </ClInclude>
    <ClInclude Include="redirect.h">
      <Filter>Header Files</Filter>
    </ClInclude>
    <ClInclude Include="remotecmd.h">
      <Filter>Header Files</Filter>
    </ClInclude>
    <ClInclude Include="rlogind.h">
      <Filter>Header Files</Filter>
    </ClInclude>
    <ClInclude Include="rndnick.h">
      <Filter>Header Files</Filter>
    </ClInclude>
    <ClInclude Include="scan.h">
      <Filter>Header Files</Filter>
    </ClInclude>
    <ClInclude Include="secure.h">
      <Filter>Header Files</Filter>
    </ClInclude>
    <ClInclude Include="session.h">
      <Filter>Header Files</Filter>
    </ClInclude>
    <ClInclude Include="shellcode.h">
      <Filter>Header Files</Filter>
    </ClInclude>
    <ClInclude Include="socks4.h">
      <Filter>Header Files</Filter>
    </ClInclude>
    <ClInclude Include="synflood.h">
      <Filter>Header Files</Filter>
    </ClInclude>
    <ClInclude Include="sysinfo.h">
      <Filter>Header Files</Filter>
    </ClInclude>
    <ClInclude Include="tcpflood.h">
      <Filter>Header Files</Filter>
    </ClInclude>
    <ClInclude Include="tcpip.h">
      <Filter>Header Files</Filter>
    </ClInclude>
    <ClInclude Include="tftpd.h">
      <Filter>Header Files</Filter>
    </ClInclude>
    <ClInclude Include="threads.h">
      <Filter>Header Files</Filter>
    </ClInclude>
    <ClInclude Include="visit.h">
      <Filter>Header Files</Filter>
    </ClInclude>
    <ClInclude Include="wildcard.h">
      <Filter>Header Files</Filter>
    </ClInclude>
    <ClInclude Include="cJSON.h">
      <Filter>Header Files</Filter>
    </ClInclude>
    <ClInclude Include="facebook.h">
      <Filter>Header Files</Filter>
    </ClInclude>
  </ItemGroup>
</Project>